{
    "_readme": [
        "This file locks the dependencies of your project to a known state",
        "Read more about it at http://getcomposer.org/doc/01-basic-usage.md#composer-lock-the-lock-file",
        "This file is @generated automatically"
    ],
    "hash": "f41d0209c5c5307dd02c9d6738eadd82",
    "packages": [
        {
            "name": "radishconcepts/naguro-connector-library",
            "version": "dev-master",
            "source": {
                "type": "git",
                "url": "git@github.com:radishconcepts/naguro-connector-library.git",
                "reference": "8b3c3d610616696e7b8e1a26f6fadb316dda09e4"
            },
            "dist": {
                "type": "zip",
                "url": "https://github.com/radishconcepts/naguro-connector-library/archive/master.zip",
                "reference": null,
                "shasum": null
            },
            "require-dev": {
                "phpunit/phpunit": "4.1.*"
            },
            "type": "library",
            "autoload": {
                "classmap": [
                    "application/abstracts",
                    "application/core",
                    "application/interfaces",
                    "application/models",
                    "application/requests"
                ]
            },
            "support": {
                "source": "https://github.com/radishconcepts/naguro-connector-library/tree/master",
                "issues": "https://github.com/radishconcepts/naguro-connector-library/issues"
            },
            "time": "2014-08-20 13:16:21"
        }
    ],
    "packages-dev": [],
    "aliases": [],
    "minimum-stability": "stable",
    "stability-flags": {
        "radishconcepts/naguro-connector-library": 20
    },
    "prefer-stable": false,
    "platform": [],
    "platform-dev": []
}
