{
    "_readme": [
        "This file locks the dependencies of your project to a known state",
        "Read more about it at http://getcomposer.org/doc/01-basic-usage.md#composer-lock-the-lock-file"
    ],
    "hash": "de976d8d623075c3d14edf5308349bb0",
    "packages": [
        {
            "name": "Merchandise/naguro-connector-library",
            "version": "dev-master",
            "source": {
                "type": "git",
                "url": "git@github.com:Merchandise/naguro-connector-library.git",
                "reference": "333bfb6052f6f73f2cc837df0de4dbc647ce634e"
            },
            "dist": {
                "type": "zip",
                "url": "https://github.com/Merchandise/naguro-connector-library/archive/master.zip",
                "reference": null,
                "shasum": null
            },
            "require-dev": {
                "phpunit/phpunit": "4.1.*"
            },
            "type": "library",
            "support": {
                "source": "https://github.com/Merchandise/naguro-connector-library/tree/master",
                "issues": "https://github.com/Merchandise/naguro-connector-library/issues"
            },
            "time": "2014-07-08 13:42:22"
        }
    ],
    "packages-dev": [],
    "aliases": [],
    "minimum-stability": "stable",
    "stability-flags": {
        "merchandise/naguro-connector-library": 20
    },
    "platform": [],
    "platform-dev": []
}
